
Microsoft Visual Studio Solution File, Format Version 12.00
# Visual Studio Version 16
VisualStudioVersion = 16.0.29806.167
MinimumVisualStudioVersion = 10.0.40219.1
Project("{FAE04EC0-301F-11D3-BF4B-00C04F79EFBC}") = "WorkerService1", "WorkerService1\WorkerService1.csproj", "{6859B56D-FA42-4E15-A877-49E729F0D3DA}"
EndProject
Global
	GlobalSection(SolutionConfigurationPlatforms) = preSolution
		Debug|Any CPU = Debug|Any CPU
		Release|Any CPU = Release|Any CPU
	EndGlobalSection
	GlobalSection(ProjectConfigurationPlatforms) = postSolution
		{6859B56D-FA42-4E15-A877-49E729F0D3DA}.Debug|Any CPU.ActiveCfg = Debug|Any CPU
		{6859B56D-FA42-4E15-A877-49E729F0D3DA}.Debug|Any CPU.Build.0 = Debug|Any CPU
		{6859B56D-FA42-4E15-A877-49E729F0D3DA}.Release|Any CPU.ActiveCfg = Release|Any CPU
		{6859B56D-FA42-4E15-A877-49E729F0D3DA}.Release|Any CPU.Build.0 = Release|Any CPU
	EndGlobalSection
	GlobalSection(SolutionProperties) = preSolution
		HideSolutionNode = FALSE
	EndGlobalSection
	GlobalSection(ExtensibilityGlobals) = postSolution
		SolutionGuid = {16A46215-AE1C-4144-80C8-D28533AF3F3B}
	EndGlobalSection
EndGlobal
